
Microsoft Visual Studio Solution File, Format Version 12.00
# Visual Studio Version 16
VisualStudioVersion = 16.0.31205.134
MinimumVisualStudioVersion = 10.0.40219.1
Project("{FAE04EC0-301F-11D3-BF4B-00C04F79EFBC}") = "RK_TextAdventure", "RK_TextAdventure\RK_TextAdventure.csproj", "{7850ADCB-8015-48EC-B8D8-1F69F88E4331}"
EndProject
Global
	GlobalSection(SolutionConfigurationPlatforms) = preSolution
		Debug|Any CPU = Debug|Any CPU
		Release|Any CPU = Release|Any CPU
	EndGlobalSection
	GlobalSection(ProjectConfigurationPlatforms) = postSolution
		{7850ADCB-8015-48EC-B8D8-1F69F88E4331}.Debug|Any CPU.ActiveCfg = Debug|Any CPU
		{7850ADCB-8015-48EC-B8D8-1F69F88E4331}.Debug|Any CPU.Build.0 = Debug|Any CPU
		{7850ADCB-8015-48EC-B8D8-1F69F88E4331}.Release|Any CPU.ActiveCfg = Release|Any CPU
		{7850ADCB-8015-48EC-B8D8-1F69F88E4331}.Release|Any CPU.Build.0 = Release|Any CPU
	EndGlobalSection
	GlobalSection(SolutionProperties) = preSolution
		HideSolutionNode = FALSE
	EndGlobalSection
	GlobalSection(ExtensibilityGlobals) = postSolution
		SolutionGuid = {37571BE8-72E4-4086-8550-D79F6CD9F3F9}
	EndGlobalSection
EndGlobal
